// !$*UTF8*$!
{
	archiveVersion = 1;
	classes = {
	};
	objectVersion = 46;
	objects = {

/* Begin PBXBuildFile section */
		3116269D1E49608F008A9500 /* main.m in Sources */ = {isa = PBXBuildFile; fileRef = 3116269C1E49608F008A9500 /* main.m */; };
		311626A01E49608F008A9500 /* AppDelegate.m in Sources */ = {isa = PBXBuildFile; fileRef = 3116269F1E49608F008A9500 /* AppDelegate.m */; };
		311626A31E49608F008A9500 /* FirstViewController.m in Sources */ = {isa = PBXBuildFile; fileRef = 311626A21E49608F008A9500 /* FirstViewController.m */; };
		311626A61E49608F008A9500 /* SecondViewController.m in Sources */ = {isa = PBXBuildFile; fileRef = 311626A51E49608F008A9500 /* SecondViewController.m */; };
		311626A91E49608F008A9500 /* Main.storyboard in Resources */ = {isa = PBXBuildFile; fileRef = 311626A71E49608F008A9500 /* Main.storyboard */; };
		311626AB1E49608F008A9500 /* Assets.xcassets in Resources */ = {isa = PBXBuildFile; fileRef = 311626AA1E49608F008A9500 /* Assets.xcassets */; };
		311626AE1E49608F008A9500 /* LaunchScreen.storyboard in Resources */ = {isa = PBXBuildFile; fileRef = 311626AC1E49608F008A9500 /* LaunchScreen.storyboard */; };
		311626B91E49608F008A9500 /* STTest1Tests.m in Sources */ = {isa = PBXBuildFile; fileRef = 311626B81E49608F008A9500 /* STTest1Tests.m */; };
		311626C41E49608F008A9500 /* STTest1UITests.m in Sources */ = {isa = PBXBuildFile; fileRef = 311626C31E49608F008A9500 /* STTest1UITests.m */; };
		3117FFA01E4B017800C8304B /* icon_22x29.png in Resources */ = {isa = PBXBuildFile; fileRef = 3117FF9C1E4B017800C8304B /* icon_22x29.png */; };
		3117FFA11E4B017800C8304B /* icon_44x58.png in Resources */ = {isa = PBXBuildFile; fileRef = 3117FF9D1E4B017800C8304B /* icon_44x58.png */; };
		3117FFA21E4B017800C8304B /* icon_64x64.png in Resources */ = {isa = PBXBuildFile; fileRef = 3117FF9E1E4B017800C8304B /* icon_64x64.png */; };
		3117FFA31E4B017800C8304B /* icon_320x320.png in Resources */ = {isa = PBXBuildFile; fileRef = 3117FF9F1E4B017800C8304B /* icon_320x320.png */; };
		311A85CC1E4C049E009B4471 /* ThirdViewController.m in Sources */ = {isa = PBXBuildFile; fileRef = 311A85CB1E4C049E009B4471 /* ThirdViewController.m */; };
		314BABB31E49E1E7002DD4AC /* libstdc++.6.tbd in Frameworks */ = {isa = PBXBuildFile; fileRef = 314BABB21E49E1E7002DD4AC /* libstdc++.6.tbd */; };
		314BABB51E49E1F4002DD4AC /* libstdc++.tbd in Frameworks */ = {isa = PBXBuildFile; fileRef = 314BABB41E49E1F4002DD4AC /* libstdc++.tbd */; };
		314BABB71E49E202002DD4AC /* libiconv.tbd in Frameworks */ = {isa = PBXBuildFile; fileRef = 314BABB61E49E202002DD4AC /* libiconv.tbd */; };
		314DD0411E8A75100049F37B /* iflyMSC.framework in Frameworks */ = {isa = PBXBuildFile; fileRef = 314DD0401E8A75100049F37B /* iflyMSC.framework */; };
		317789A91ECAD9E300F5D9CA /* FourthViewController.m in Sources */ = {isa = PBXBuildFile; fileRef = 317789A81ECAD9E300F5D9CA /* FourthViewController.m */; };
		318549EC1EA9980300DFE7BC /* MSImagePickerController.m in Sources */ = {isa = PBXBuildFile; fileRef = 318549EB1EA9980300DFE7BC /* MSImagePickerController.m */; };
		318549EE1EA9980C00DFE7BC /* MSImagePickerController.bundle in Resources */ = {isa = PBXBuildFile; fileRef = 318549ED1EA9980C00DFE7BC /* MSImagePickerController.bundle */; };
		3190C07B1E7A962F005CF83E /* ReplayKit.framework in Frameworks */ = {isa = PBXBuildFile; fileRef = 319FE9271E4B69AE009EDEFC /* ReplayKit.framework */; };
		3190C07F1E7A962F005CF83E /* MovieClipHandler.m in Sources */ = {isa = PBXBuildFile; fileRef = 3190C07E1E7A962F005CF83E /* MovieClipHandler.m */; };
		3190C0821E7A962F005CF83E /* SampleHandler.m in Sources */ = {isa = PBXBuildFile; fileRef = 3190C0811E7A962F005CF83E /* SampleHandler.m */; };
		3190C0891E7A962F005CF83E /* ReplayKit.framework in Frameworks */ = {isa = PBXBuildFile; fileRef = 319FE9271E4B69AE009EDEFC /* ReplayKit.framework */; };
		3190C08B1E7A962F005CF83E /* UIKit.framework in Frameworks */ = {isa = PBXBuildFile; fileRef = 3190C08A1E7A962F005CF83E /* UIKit.framework */; };
		3190C08F1E7A9630005CF83E /* BroadcastViewController.m in Sources */ = {isa = PBXBuildFile; fileRef = 3190C08E1E7A962F005CF83E /* BroadcastViewController.m */; };
		3190C0921E7A9630005CF83E /* MainInterface.storyboard in Resources */ = {isa = PBXBuildFile; fileRef = 3190C0901E7A9630005CF83E /* MainInterface.storyboard */; };
		3190C0961E7A9630005CF83E /* ReplayRTSPBroUI.appex in Embed App Extensions */ = {isa = PBXBuildFile; fileRef = 3190C0881E7A962F005CF83E /* ReplayRTSPBroUI.appex */; settings = {ATTRIBUTES = (RemoveHeadersOnCopy, ); }; };
		3190C0991E7A9630005CF83E /* ReplayRTSPBro.appex in Embed App Extensions */ = {isa = PBXBuildFile; fileRef = 3190C07A1E7A962F005CF83E /* ReplayRTSPBro.appex */; settings = {ATTRIBUTES = (RemoveHeadersOnCopy, ); }; };
		3190C0DA1E7A98E4005CF83E /* CoreGraphics.framework in Frameworks */ = {isa = PBXBuildFile; fileRef = 3190C0D91E7A98E4005CF83E /* CoreGraphics.framework */; };
		3190C0DC1E7A98F0005CF83E /* Foundation.framework in Frameworks */ = {isa = PBXBuildFile; fileRef = 3190C0DB1E7A98F0005CF83E /* Foundation.framework */; };
		3190C0DD1E7A98F8005CF83E /* UIKit.framework in Frameworks */ = {isa = PBXBuildFile; fileRef = 3190C08A1E7A962F005CF83E /* UIKit.framework */; };
		3190C0DF1E7A9900005CF83E /* AVFoundation.framework in Frameworks */ = {isa = PBXBuildFile; fileRef = 3190C0DE1E7A9900005CF83E /* AVFoundation.framework */; };
		3190C0E11E7A990D005CF83E /* CoreMedia.framework in Frameworks */ = {isa = PBXBuildFile; fileRef = 3190C0E01E7A990D005CF83E /* CoreMedia.framework */; };
		3190C0E31E7A9916005CF83E /* CoreVideo.framework in Frameworks */ = {isa = PBXBuildFile; fileRef = 3190C0E21E7A9916005CF83E /* CoreVideo.framework */; };
		3190C0F71E7A9A50005CF83E /* AVEncoder.mm in Sources */ = {isa = PBXBuildFile; fileRef = 3190C0E71E7A9A50005CF83E /* AVEncoder.mm */; };
		3190C0F81E7A9A50005CF83E /* MP4Atom.m in Sources */ = {isa = PBXBuildFile; fileRef = 3190C0E91E7A9A50005CF83E /* MP4Atom.m */; };
		3190C0F91E7A9A50005CF83E /* NALUnit.cpp in Sources */ = {isa = PBXBuildFile; fileRef = 3190C0EA1E7A9A50005CF83E /* NALUnit.cpp */; };
		3190C0FA1E7A9A50005CF83E /* VideoEncoder.m in Sources */ = {isa = PBXBuildFile; fileRef = 3190C0ED1E7A9A50005CF83E /* VideoEncoder.m */; };
		3190C0FB1E7A9A50005CF83E /* CameraServer.m in Sources */ = {isa = PBXBuildFile; fileRef = 3190C0EF1E7A9A50005CF83E /* CameraServer.m */; };
		3190C0FC1E7A9A50005CF83E /* RTSPClientConnection.mm in Sources */ = {isa = PBXBuildFile; fileRef = 3190C0F21E7A9A50005CF83E /* RTSPClientConnection.mm */; };
		3190C0FD1E7A9A50005CF83E /* RTSPMessage.m in Sources */ = {isa = PBXBuildFile; fileRef = 3190C0F41E7A9A50005CF83E /* RTSPMessage.m */; };
		3190C0FE1E7A9A50005CF83E /* RTSPServer.m in Sources */ = {isa = PBXBuildFile; fileRef = 3190C0F61E7A9A50005CF83E /* RTSPServer.m */; };
		319FE9281E4B69AE009EDEFC /* ReplayKit.framework in Frameworks */ = {isa = PBXBuildFile; fileRef = 319FE9271E4B69AE009EDEFC /* ReplayKit.framework */; };
		95C06DCD5BC604234D368127 /* libPods-STTest1.a in Frameworks */ = {isa = PBXBuildFile; fileRef = 26000CC6577BB61C3C7AE30B /* libPods-STTest1.a */; };
/* End PBXBuildFile section */

/* Begin PBXContainerItemProxy section */
		311626B51E49608F008A9500 /* PBXContainerItemProxy */ = {
			isa = PBXContainerItemProxy;
			containerPortal = 311626901E49608F008A9500 /* Project object */;
			proxyType = 1;
			remoteGlobalIDString = 311626971E49608F008A9500;
			remoteInfo = STTest1;
		};
		311626C01E49608F008A9500 /* PBXContainerItemProxy */ = {
			isa = PBXContainerItemProxy;
			containerPortal = 311626901E49608F008A9500 /* Project object */;
			proxyType = 1;
			remoteGlobalIDString = 311626971E49608F008A9500;
			remoteInfo = STTest1;
		};
		3190C0941E7A9630005CF83E /* PBXContainerItemProxy */ = {
			isa = PBXContainerItemProxy;
			containerPortal = 311626901E49608F008A9500 /* Project object */;
			proxyType = 1;
			remoteGlobalIDString = 3190C0871E7A962F005CF83E;
			remoteInfo = ReplayRTSPBroUI;
		};
		3190C0971E7A9630005CF83E /* PBXContainerItemProxy */ = {
			isa = PBXContainerItemProxy;
			containerPortal = 311626901E49608F008A9500 /* Project object */;
			proxyType = 1;
			remoteGlobalIDString = 3190C0791E7A962F005CF83E;
			remoteInfo = ReplayRTSPBro;
		};
/* End PBXContainerItemProxy section */

/* Begin PBXCopyFilesBuildPhase section */
		3190C0A01E7A9630005CF83E /* Embed App Extensions */ = {
			isa = PBXCopyFilesBuildPhase;
			buildActionMask = 2147483647;
			dstPath = "";
			dstSubfolderSpec = 13;
			files = (
				3190C0991E7A9630005CF83E /* ReplayRTSPBro.appex in Embed App Extensions */,
				3190C0961E7A9630005CF83E /* ReplayRTSPBroUI.appex in Embed App Extensions */,
			);
			name = "Embed App Extensions";
			runOnlyForDeploymentPostprocessing = 0;
		};
/* End PBXCopyFilesBuildPhase section */

/* Begin PBXFileReference section */
		26000CC6577BB61C3C7AE30B /* libPods-STTest1.a */ = {isa = PBXFileReference; explicitFileType = archive.ar; includeInIndex = 0; path = "libPods-STTest1.a"; sourceTree = BUILT_PRODUCTS_DIR; };
		311626981E49608F008A9500 /* STTest1.app */ = {isa = PBXFileReference; explicitFileType = wrapper.application; includeInIndex = 0; path = STTest1.app; sourceTree = BUILT_PRODUCTS_DIR; };
		3116269C1E49608F008A9500 /* main.m */ = {isa = PBXFileReference; lastKnownFileType = sourcecode.c.objc; path = main.m; sourceTree = "<group>"; };
		3116269E1E49608F008A9500 /* AppDelegate.h */ = {isa = PBXFileReference; lastKnownFileType = sourcecode.c.h; path = AppDelegate.h; sourceTree = "<group>"; };
		3116269F1E49608F008A9500 /* AppDelegate.m */ = {isa = PBXFileReference; lastKnownFileType = sourcecode.c.objc; path = AppDelegate.m; sourceTree = "<group>"; };
		311626A11E49608F008A9500 /* FirstViewController.h */ = {isa = PBXFileReference; lastKnownFileType = sourcecode.c.h; path = FirstViewController.h; sourceTree = "<group>"; };
		311626A21E49608F008A9500 /* FirstViewController.m */ = {isa = PBXFileReference; lastKnownFileType = sourcecode.c.objc; path = FirstViewController.m; sourceTree = "<group>"; };
		311626A41E49608F008A9500 /* SecondViewController.h */ = {isa = PBXFileReference; lastKnownFileType = sourcecode.c.h; path = SecondViewController.h; sourceTree = "<group>"; };
		311626A51E49608F008A9500 /* SecondViewController.m */ = {isa = PBXFileReference; lastKnownFileType = sourcecode.c.objc; path = SecondViewController.m; sourceTree = "<group>"; };
		311626A81E49608F008A9500 /* Base */ = {isa = PBXFileReference; lastKnownFileType = file.storyboard; name = Base; path = Base.lproj/Main.storyboard; sourceTree = "<group>"; };
		311626AA1E49608F008A9500 /* Assets.xcassets */ = {isa = PBXFileReference; lastKnownFileType = folder.assetcatalog; path = Assets.xcassets; sourceTree = "<group>"; };
		311626AD1E49608F008A9500 /* Base */ = {isa = PBXFileReference; lastKnownFileType = file.storyboard; name = Base; path = Base.lproj/LaunchScreen.storyboard; sourceTree = "<group>"; };
		311626AF1E49608F008A9500 /* Info.plist */ = {isa = PBXFileReference; lastKnownFileType = text.plist.xml; path = Info.plist; sourceTree = "<group>"; };
		311626B41E49608F008A9500 /* STTest1Tests.xctest */ = {isa = PBXFileReference; explicitFileType = wrapper.cfbundle; includeInIndex = 0; path = STTest1Tests.xctest; sourceTree = BUILT_PRODUCTS_DIR; };
		311626B81E49608F008A9500 /* STTest1Tests.m */ = {isa = PBXFileReference; lastKnownFileType = sourcecode.c.objc; path = STTest1Tests.m; sourceTree = "<group>"; };
		311626BA1E49608F008A9500 /* Info.plist */ = {isa = PBXFileReference; lastKnownFileType = text.plist.xml; path = Info.plist; sourceTree = "<group>"; };
		311626BF1E49608F008A9500 /* STTest1UITests.xctest */ = {isa = PBXFileReference; explicitFileType = wrapper.cfbundle; includeInIndex = 0; path = STTest1UITests.xctest; sourceTree = BUILT_PRODUCTS_DIR; };
		311626C31E49608F008A9500 /* STTest1UITests.m */ = {isa = PBXFileReference; lastKnownFileType = sourcecode.c.objc; path = STTest1UITests.m; sourceTree = "<group>"; };
		311626C51E49608F008A9500 /* Info.plist */ = {isa = PBXFileReference; lastKnownFileType = text.plist.xml; path = Info.plist; sourceTree = "<group>"; };
		3117FF9C1E4B017800C8304B /* icon_22x29.png */ = {isa = PBXFileReference; lastKnownFileType = image.png; path = icon_22x29.png; sourceTree = "<group>"; };
		3117FF9D1E4B017800C8304B /* icon_44x58.png */ = {isa = PBXFileReference; lastKnownFileType = image.png; path = icon_44x58.png; sourceTree = "<group>"; };
		3117FF9E1E4B017800C8304B /* icon_64x64.png */ = {isa = PBXFileReference; lastKnownFileType = image.png; path = icon_64x64.png; sourceTree = "<group>"; };
		3117FF9F1E4B017800C8304B /* icon_320x320.png */ = {isa = PBXFileReference; lastKnownFileType = image.png; path = icon_320x320.png; sourceTree = "<group>"; };
		311A85CA1E4C049E009B4471 /* ThirdViewController.h */ = {isa = PBXFileReference; fileEncoding = 4; lastKnownFileType = sourcecode.c.h; path = ThirdViewController.h; sourceTree = "<group>"; };
		311A85CB1E4C049E009B4471 /* ThirdViewController.m */ = {isa = PBXFileReference; fileEncoding = 4; lastKnownFileType = sourcecode.c.objc; path = ThirdViewController.m; sourceTree = "<group>"; };
		314BABB21E49E1E7002DD4AC /* libstdc++.6.tbd */ = {isa = PBXFileReference; lastKnownFileType = "sourcecode.text-based-dylib-definition"; name = "libstdc++.6.tbd"; path = "usr/lib/libstdc++.6.tbd"; sourceTree = SDKROOT; };
		314BABB41E49E1F4002DD4AC /* libstdc++.tbd */ = {isa = PBXFileReference; lastKnownFileType = "sourcecode.text-based-dylib-definition"; name = "libstdc++.tbd"; path = "usr/lib/libstdc++.tbd"; sourceTree = SDKROOT; };
		314BABB61E49E202002DD4AC /* libiconv.tbd */ = {isa = PBXFileReference; lastKnownFileType = "sourcecode.text-based-dylib-definition"; name = libiconv.tbd; path = usr/lib/libiconv.tbd; sourceTree = SDKROOT; };
		314BAC781E49E95A002DD4AC /* PrefixHeader.pch */ = {isa = PBXFileReference; lastKnownFileType = sourcecode.c.h; name = PrefixHeader.pch; path = ../PrefixHeader.pch; sourceTree = "<group>"; };
		314DD0401E8A75100049F37B /* iflyMSC.framework */ = {isa = PBXFileReference; lastKnownFileType = wrapper.framework; path = iflyMSC.framework; sourceTree = "<group>"; };
		317789A71ECAD9E300F5D9CA /* FourthViewController.h */ = {isa = PBXFileReference; fileEncoding = 4; lastKnownFileType = sourcecode.c.h; path = FourthViewController.h; sourceTree = "<group>"; };
		317789A81ECAD9E300F5D9CA /* FourthViewController.m */ = {isa = PBXFileReference; fileEncoding = 4; lastKnownFileType = sourcecode.c.objc; path = FourthViewController.m; sourceTree = "<group>"; };
		318549EA1EA9980300DFE7BC /* MSImagePickerController.h */ = {isa = PBXFileReference; fileEncoding = 4; lastKnownFileType = sourcecode.c.h; path = MSImagePickerController.h; sourceTree = "<group>"; };
		318549EB1EA9980300DFE7BC /* MSImagePickerController.m */ = {isa = PBXFileReference; fileEncoding = 4; lastKnownFileType = sourcecode.c.objc; path = MSImagePickerController.m; sourceTree = "<group>"; };
		318549ED1EA9980C00DFE7BC /* MSImagePickerController.bundle */ = {isa = PBXFileReference; lastKnownFileType = "wrapper.plug-in"; path = MSImagePickerController.bundle; sourceTree = "<group>"; };
		3190C07A1E7A962F005CF83E /* ReplayRTSPBro.appex */ = {isa = PBXFileReference; explicitFileType = "wrapper.app-extension"; includeInIndex = 0; path = ReplayRTSPBro.appex; sourceTree = BUILT_PRODUCTS_DIR; };
		3190C07D1E7A962F005CF83E /* MovieClipHandler.h */ = {isa = PBXFileReference; lastKnownFileType = sourcecode.c.h; path = MovieClipHandler.h; sourceTree = "<group>"; };
		3190C07E1E7A962F005CF83E /* MovieClipHandler.m */ = {isa = PBXFileReference; lastKnownFileType = sourcecode.c.objc; path = MovieClipHandler.m; sourceTree = "<group>"; };
		3190C0801E7A962F005CF83E /* SampleHandler.h */ = {isa = PBXFileReference; lastKnownFileType = sourcecode.c.h; path = SampleHandler.h; sourceTree = "<group>"; };
		3190C0811E7A962F005CF83E /* SampleHandler.m */ = {isa = PBXFileReference; lastKnownFileType = sourcecode.c.objc; path = SampleHandler.m; sourceTree = "<group>"; };
		3190C0831E7A962F005CF83E /* Info.plist */ = {isa = PBXFileReference; lastKnownFileType = text.plist.xml; path = Info.plist; sourceTree = "<group>"; };
		3190C0881E7A962F005CF83E /* ReplayRTSPBroUI.appex */ = {isa = PBXFileReference; explicitFileType = "wrapper.app-extension"; includeInIndex = 0; path = ReplayRTSPBroUI.appex; sourceTree = BUILT_PRODUCTS_DIR; };
		3190C08A1E7A962F005CF83E /* UIKit.framework */ = {isa = PBXFileReference; lastKnownFileType = wrapper.framework; name = UIKit.framework; path = System/Library/Frameworks/UIKit.framework; sourceTree = SDKROOT; };
		3190C08D1E7A962F005CF83E /* BroadcastViewController.h */ = {isa = PBXFileReference; lastKnownFileType = sourcecode.c.h; path = BroadcastViewController.h; sourceTree = "<group>"; };
		3190C08E1E7A962F005CF83E /* BroadcastViewController.m */ = {isa = PBXFileReference; lastKnownFileType = sourcecode.c.objc; path = BroadcastViewController.m; sourceTree = "<group>"; };
		3190C0911E7A9630005CF83E /* Base */ = {isa = PBXFileReference; lastKnownFileType = file.storyboard; name = Base; path = Base.lproj/MainInterface.storyboard; sourceTree = "<group>"; };
		3190C0931E7A9630005CF83E /* Info.plist */ = {isa = PBXFileReference; lastKnownFileType = text.plist.xml; path = Info.plist; sourceTree = "<group>"; };
		3190C0D91E7A98E4005CF83E /* CoreGraphics.framework */ = {isa = PBXFileReference; lastKnownFileType = wrapper.framework; name = CoreGraphics.framework; path = System/Library/Frameworks/CoreGraphics.framework; sourceTree = SDKROOT; };
		3190C0DB1E7A98F0005CF83E /* Foundation.framework */ = {isa = PBXFileReference; lastKnownFileType = wrapper.framework; name = Foundation.framework; path = System/Library/Frameworks/Foundation.framework; sourceTree = SDKROOT; };
		3190C0DE1E7A9900005CF83E /* AVFoundation.framework */ = {isa = PBXFileReference; lastKnownFileType = wrapper.framework; name = AVFoundation.framework; path = System/Library/Frameworks/AVFoundation.framework; sourceTree = SDKROOT; };
		3190C0E01E7A990D005CF83E /* CoreMedia.framework */ = {isa = PBXFileReference; lastKnownFileType = wrapper.framework; name = CoreMedia.framework; path = System/Library/Frameworks/CoreMedia.framework; sourceTree = SDKROOT; };
		3190C0E21E7A9916005CF83E /* CoreVideo.framework */ = {isa = PBXFileReference; lastKnownFileType = wrapper.framework; name = CoreVideo.framework; path = System/Library/Frameworks/CoreVideo.framework; sourceTree = SDKROOT; };
		3190C0E61E7A9A50005CF83E /* AVEncoder.h */ = {isa = PBXFileReference; fileEncoding = 4; lastKnownFileType = sourcecode.c.h; path = AVEncoder.h; sourceTree = "<group>"; };
		3190C0E71E7A9A50005CF83E /* AVEncoder.mm */ = {isa = PBXFileReference; fileEncoding = 4; lastKnownFileType = sourcecode.cpp.objcpp; path = AVEncoder.mm; sourceTree = "<group>"; };
		3190C0E81E7A9A50005CF83E /* MP4Atom.h */ = {isa = PBXFileReference; fileEncoding = 4; lastKnownFileType = sourcecode.c.h; path = MP4Atom.h; sourceTree = "<group>"; };
		3190C0E91E7A9A50005CF83E /* MP4Atom.m */ = {isa = PBXFileReference; fileEncoding = 4; lastKnownFileType = sourcecode.c.objc; path = MP4Atom.m; sourceTree = "<group>"; };
		3190C0EA1E7A9A50005CF83E /* NALUnit.cpp */ = {isa = PBXFileReference; fileEncoding = 4; lastKnownFileType = sourcecode.cpp.cpp; path = NALUnit.cpp; sourceTree = "<group>"; };
		3190C0EB1E7A9A50005CF83E /* NALUnit.h */ = {isa = PBXFileReference; fileEncoding = 4; lastKnownFileType = sourcecode.c.h; path = NALUnit.h; sourceTree = "<group>"; };
		3190C0EC1E7A9A50005CF83E /* VideoEncoder.h */ = {isa = PBXFileReference; fileEncoding = 4; lastKnownFileType = sourcecode.c.h; path = VideoEncoder.h; sourceTree = "<group>"; };
		3190C0ED1E7A9A50005CF83E /* VideoEncoder.m */ = {isa = PBXFileReference; fileEncoding = 4; lastKnownFileType = sourcecode.c.objc; path = VideoEncoder.m; sourceTree = "<group>"; };
		3190C0EE1E7A9A50005CF83E /* CameraServer.h */ = {isa = PBXFileReference; fileEncoding = 4; lastKnownFileType = sourcecode.c.h; path = CameraServer.h; sourceTree = "<group>"; };
		3190C0EF1E7A9A50005CF83E /* CameraServer.m */ = {isa = PBXFileReference; fileEncoding = 4; lastKnownFileType = sourcecode.c.objc; path = CameraServer.m; sourceTree = "<group>"; };
		3190C0F11E7A9A50005CF83E /* RTSPClientConnection.h */ = {isa = PBXFileReference; fileEncoding = 4; lastKnownFileType = sourcecode.c.h; path = RTSPClientConnection.h; sourceTree = "<group>"; };
		3190C0F21E7A9A50005CF83E /* RTSPClientConnection.mm */ = {isa = PBXFileReference; fileEncoding = 4; lastKnownFileType = sourcecode.cpp.objcpp; path = RTSPClientConnection.mm; sourceTree = "<group>"; };
		3190C0F31E7A9A50005CF83E /* RTSPMessage.h */ = {isa = PBXFileReference; fileEncoding = 4; lastKnownFileType = sourcecode.c.h; path = RTSPMessage.h; sourceTree = "<group>"; };
		3190C0F41E7A9A50005CF83E /* RTSPMessage.m */ = {isa = PBXFileReference; fileEncoding = 4; lastKnownFileType = sourcecode.c.objc; path = RTSPMessage.m; sourceTree = "<group>"; };
		3190C0F51E7A9A50005CF83E /* RTSPServer.h */ = {isa = PBXFileReference; fileEncoding = 4; lastKnownFileType = sourcecode.c.h; path = RTSPServer.h; sourceTree = "<group>"; };
		3190C0F61E7A9A50005CF83E /* RTSPServer.m */ = {isa = PBXFileReference; fileEncoding = 4; lastKnownFileType = sourcecode.c.objc; path = RTSPServer.m; sourceTree = "<group>"; };
		319FE9271E4B69AE009EDEFC /* ReplayKit.framework */ = {isa = PBXFileReference; lastKnownFileType = wrapper.framework; name = ReplayKit.framework; path = System/Library/Frameworks/ReplayKit.framework; sourceTree = SDKROOT; };
		9AF00B8870626C8AB644F987 /* Pods-STTest1.release.xcconfig */ = {isa = PBXFileReference; includeInIndex = 1; lastKnownFileType = text.xcconfig; name = "Pods-STTest1.release.xcconfig"; path = "Pods/Target Support Files/Pods-STTest1/Pods-STTest1.release.xcconfig"; sourceTree = "<group>"; };
		EF2E383DF27DEDC655094302 /* Pods-STTest1.debug.xcconfig */ = {isa = PBXFileReference; includeInIndex = 1; lastKnownFileType = text.xcconfig; name = "Pods-STTest1.debug.xcconfig"; path = "Pods/Target Support Files/Pods-STTest1/Pods-STTest1.debug.xcconfig"; sourceTree = "<group>"; };
/* End PBXFileReference section */

/* Begin PBXFrameworksBuildPhase section */
		311626951E49608F008A9500 /* Frameworks */ = {
			isa = PBXFrameworksBuildPhase;
			buildActionMask = 2147483647;
			files = (
				314DD0411E8A75100049F37B /* iflyMSC.framework in Frameworks */,
				3190C0E31E7A9916005CF83E /* CoreVideo.framework in Frameworks */,
				3190C0E11E7A990D005CF83E /* CoreMedia.framework in Frameworks */,
				3190C0DF1E7A9900005CF83E /* AVFoundation.framework in Frameworks */,
				3190C0DD1E7A98F8005CF83E /* UIKit.framework in Frameworks */,
				3190C0DC1E7A98F0005CF83E /* Foundation.framework in Frameworks */,
				3190C0DA1E7A98E4005CF83E /* CoreGraphics.framework in Frameworks */,
				319FE9281E4B69AE009EDEFC /* ReplayKit.framework in Frameworks */,
				314BABB71E49E202002DD4AC /* libiconv.tbd in Frameworks */,
				314BABB51E49E1F4002DD4AC /* libstdc++.tbd in Frameworks */,
				314BABB31E49E1E7002DD4AC /* libstdc++.6.tbd in Frameworks */,
				95C06DCD5BC604234D368127 /* libPods-STTest1.a in Frameworks */,
			);
			runOnlyForDeploymentPostprocessing = 0;
		};
		311626B11E49608F008A9500 /* Frameworks */ = {
			isa = PBXFrameworksBuildPhase;
			buildActionMask = 2147483647;
			files = (
			);
			runOnlyForDeploymentPostprocessing = 0;
		};
		311626BC1E49608F008A9500 /* Frameworks */ = {
			isa = PBXFrameworksBuildPhase;
			buildActionMask = 2147483647;
			files = (
			);
			runOnlyForDeploymentPostprocessing = 0;
		};
		3190C0771E7A962F005CF83E /* Frameworks */ = {
			isa = PBXFrameworksBuildPhase;
			buildActionMask = 2147483647;
			files = (
				3190C07B1E7A962F005CF83E /* ReplayKit.framework in Frameworks */,
			);
			runOnlyForDeploymentPostprocessing = 0;
		};
		3190C0851E7A962F005CF83E /* Frameworks */ = {
			isa = PBXFrameworksBuildPhase;
			buildActionMask = 2147483647;
			files = (
				3190C0891E7A962F005CF83E /* ReplayKit.framework in Frameworks */,
				3190C08B1E7A962F005CF83E /* UIKit.framework in Frameworks */,
			);
			runOnlyForDeploymentPostprocessing = 0;
		};
/* End PBXFrameworksBuildPhase section */

/* Begin PBXGroup section */
		14C08A37EB1D6034CFEE4141 /* Pods */ = {
			isa = PBXGroup;
			children = (
				EF2E383DF27DEDC655094302 /* Pods-STTest1.debug.xcconfig */,
				9AF00B8870626C8AB644F987 /* Pods-STTest1.release.xcconfig */,
			);
			name = Pods;
			sourceTree = "<group>";
		};
		3116268F1E49608F008A9500 = {
			isa = PBXGroup;
			children = (
				3116269A1E49608F008A9500 /* STTest1 */,
				311626B71E49608F008A9500 /* STTest1Tests */,
				311626C21E49608F008A9500 /* STTest1UITests */,
				3190C07C1E7A962F005CF83E /* ReplayRTSPBro */,
				3190C08C1E7A962F005CF83E /* ReplayRTSPBroUI */,
				311626991E49608F008A9500 /* Products */,
				314BAB791E49DEDC002DD4AC /* Frameworks */,
				14C08A37EB1D6034CFEE4141 /* Pods */,
			);
			sourceTree = "<group>";
		};
		311626991E49608F008A9500 /* Products */ = {
			isa = PBXGroup;
			children = (
				311626981E49608F008A9500 /* STTest1.app */,
				311626B41E49608F008A9500 /* STTest1Tests.xctest */,
				311626BF1E49608F008A9500 /* STTest1UITests.xctest */,
				3190C07A1E7A962F005CF83E /* ReplayRTSPBro.appex */,
				3190C0881E7A962F005CF83E /* ReplayRTSPBroUI.appex */,
			);
			name = Products;
			sourceTree = "<group>";
		};
		3116269A1E49608F008A9500 /* STTest1 */ = {
			isa = PBXGroup;
			children = (
				3190C0A21E7A9742005CF83E /* Thirdlib */,
				3117FF9B1E4B016400C8304B /* Images */,
				311A85CE1E4C069D009B4471 /* headers */,
				3116269E1E49608F008A9500 /* AppDelegate.h */,
				3116269F1E49608F008A9500 /* AppDelegate.m */,
				311626A71E49608F008A9500 /* Main.storyboard */,
				311626A11E49608F008A9500 /* FirstViewController.h */,
				311626A21E49608F008A9500 /* FirstViewController.m */,
				311626A41E49608F008A9500 /* SecondViewController.h */,
				311626A51E49608F008A9500 /* SecondViewController.m */,
				311A85CA1E4C049E009B4471 /* ThirdViewController.h */,
				311A85CB1E4C049E009B4471 /* ThirdViewController.m */,
				317789A71ECAD9E300F5D9CA /* FourthViewController.h */,
				317789A81ECAD9E300F5D9CA /* FourthViewController.m */,
				311626AA1E49608F008A9500 /* Assets.xcassets */,
				311626AC1E49608F008A9500 /* LaunchScreen.storyboard */,
				311626AF1E49608F008A9500 /* Info.plist */,
				3116269B1E49608F008A9500 /* Supporting Files */,
			);
			path = STTest1;
			sourceTree = "<group>";
		};
		3116269B1E49608F008A9500 /* Supporting Files */ = {
			isa = PBXGroup;
			children = (
				3116269C1E49608F008A9500 /* main.m */,
				314BAC781E49E95A002DD4AC /* PrefixHeader.pch */,
			);
			name = "Supporting Files";
			sourceTree = "<group>";
		};
		311626B71E49608F008A9500 /* STTest1Tests */ = {
			isa = PBXGroup;
			children = (
				311626B81E49608F008A9500 /* STTest1Tests.m */,
				311626BA1E49608F008A9500 /* Info.plist */,
			);
			path = STTest1Tests;
			sourceTree = "<group>";
		};
		311626C21E49608F008A9500 /* STTest1UITests */ = {
			isa = PBXGroup;
			children = (
				311626C31E49608F008A9500 /* STTest1UITests.m */,
				311626C51E49608F008A9500 /* Info.plist */,
			);
			path = STTest1UITests;
			sourceTree = "<group>";
		};
		3117FF9B1E4B016400C8304B /* Images */ = {
			isa = PBXGroup;
			children = (
				3117FF9C1E4B017800C8304B /* icon_22x29.png */,
				3117FF9D1E4B017800C8304B /* icon_44x58.png */,
				3117FF9E1E4B017800C8304B /* icon_64x64.png */,
				3117FF9F1E4B017800C8304B /* icon_320x320.png */,
			);
			path = Images;
			sourceTree = "<group>";
		};
		311A85CE1E4C069D009B4471 /* headers */ = {
			isa = PBXGroup;
			children = (
			);
			path = headers;
			sourceTree = "<group>";
		};
		314BAB791E49DEDC002DD4AC /* Frameworks */ = {
			isa = PBXGroup;
			children = (
				3190C0E21E7A9916005CF83E /* CoreVideo.framework */,
				3190C0E01E7A990D005CF83E /* CoreMedia.framework */,
				3190C0DE1E7A9900005CF83E /* AVFoundation.framework */,
				3190C0DB1E7A98F0005CF83E /* Foundation.framework */,
				3190C0D91E7A98E4005CF83E /* CoreGraphics.framework */,
				319FE9271E4B69AE009EDEFC /* ReplayKit.framework */,
				314BABB61E49E202002DD4AC /* libiconv.tbd */,
				314BABB41E49E1F4002DD4AC /* libstdc++.tbd */,
				314BABB21E49E1E7002DD4AC /* libstdc++.6.tbd */,
				26000CC6577BB61C3C7AE30B /* libPods-STTest1.a */,
				3190C08A1E7A962F005CF83E /* UIKit.framework */,
			);
			name = Frameworks;
			sourceTree = "<group>";
		};
		318549E91EA997FC00DFE7BC /* MSImagePicker */ = {
			isa = PBXGroup;
			children = (
				318549ED1EA9980C00DFE7BC /* MSImagePickerController.bundle */,
				318549EA1EA9980300DFE7BC /* MSImagePickerController.h */,
				318549EB1EA9980300DFE7BC /* MSImagePickerController.m */,
			);
			path = MSImagePicker;
			sourceTree = "<group>";
		};
		3190C07C1E7A962F005CF83E /* ReplayRTSPBro */ = {
			isa = PBXGroup;
			children = (
				3190C0E41E7A9A50005CF83E /* RTSPReplay */,
				3190C07D1E7A962F005CF83E /* MovieClipHandler.h */,
				3190C07E1E7A962F005CF83E /* MovieClipHandler.m */,
				3190C0801E7A962F005CF83E /* SampleHandler.h */,
				3190C0811E7A962F005CF83E /* SampleHandler.m */,
				3190C0831E7A962F005CF83E /* Info.plist */,
			);
			path = ReplayRTSPBro;
			sourceTree = "<group>";
		};
		3190C08C1E7A962F005CF83E /* ReplayRTSPBroUI */ = {
			isa = PBXGroup;
			children = (
				3190C08D1E7A962F005CF83E /* BroadcastViewController.h */,
				3190C08E1E7A962F005CF83E /* BroadcastViewController.m */,
				3190C0901E7A9630005CF83E /* MainInterface.storyboard */,
				3190C0931E7A9630005CF83E /* Info.plist */,
			);
			path = ReplayRTSPBroUI;
			sourceTree = "<group>";
		};
		3190C0A21E7A9742005CF83E /* Thirdlib */ = {
			isa = PBXGroup;
			children = (
				318549E91EA997FC00DFE7BC /* MSImagePicker */,
				314DD0401E8A75100049F37B /* iflyMSC.framework */,
			);
			path = Thirdlib;
			sourceTree = "<group>";
		};
		3190C0E41E7A9A50005CF83E /* RTSPReplay */ = {
			isa = PBXGroup;
			children = (
				3190C0E51E7A9A50005CF83E /* AVEncoder */,
				3190C0EE1E7A9A50005CF83E /* CameraServer.h */,
				3190C0EF1E7A9A50005CF83E /* CameraServer.m */,
				3190C0F01E7A9A50005CF83E /* RTSP */,
			);
			name = RTSPReplay;
			path = STTest1/Thirdlib/RTSPReplay;
			sourceTree = SOURCE_ROOT;
		};
		3190C0E51E7A9A50005CF83E /* AVEncoder */ = {
			isa = PBXGroup;
			children = (
				3190C0E61E7A9A50005CF83E /* AVEncoder.h */,
				3190C0E71E7A9A50005CF83E /* AVEncoder.mm */,
				3190C0E81E7A9A50005CF83E /* MP4Atom.h */,
				3190C0E91E7A9A50005CF83E /* MP4Atom.m */,
				3190C0EA1E7A9A50005CF83E /* NALUnit.cpp */,
				3190C0EB1E7A9A50005CF83E /* NALUnit.h */,
				3190C0EC1E7A9A50005CF83E /* VideoEncoder.h */,
				3190C0ED1E7A9A50005CF83E /* VideoEncoder.m */,
			);
			path = AVEncoder;
			sourceTree = "<group>";
		};
		3190C0F01E7A9A50005CF83E /* RTSP */ = {
			isa = PBXGroup;
			children = (
				3190C0F11E7A9A50005CF83E /* RTSPClientConnection.h */,
				3190C0F21E7A9A50005CF83E /* RTSPClientConnection.mm */,
				3190C0F31E7A9A50005CF83E /* RTSPMessage.h */,
				3190C0F41E7A9A50005CF83E /* RTSPMessage.m */,
				3190C0F51E7A9A50005CF83E /* RTSPServer.h */,
				3190C0F61E7A9A50005CF83E /* RTSPServer.m */,
			);
			path = RTSP;
			sourceTree = "<group>";
		};
/* End PBXGroup section */

/* Begin PBXNativeTarget section */
		311626971E49608F008A9500 /* STTest1 */ = {
			isa = PBXNativeTarget;
			buildConfigurationList = 311626C81E49608F008A9500 /* Build configuration list for PBXNativeTarget "STTest1" */;
			buildPhases = (
				148484285BBE8513CD9F04C7 /* [CP] Check Pods Manifest.lock */,
				311626941E49608F008A9500 /* Sources */,
				311626951E49608F008A9500 /* Frameworks */,
				311626961E49608F008A9500 /* Resources */,
				8119B20E5FA666E3BA720DE7 /* [CP] Embed Pods Frameworks */,
				D8E6AA4390AD40EE4CC3B17F /* [CP] Copy Pods Resources */,
				3190C0A01E7A9630005CF83E /* Embed App Extensions */,
			);
			buildRules = (
			);
			dependencies = (
				3190C0951E7A9630005CF83E /* PBXTargetDependency */,
				3190C0981E7A9630005CF83E /* PBXTargetDependency */,
			);
			name = STTest1;
			productName = STTest1;
			productReference = 311626981E49608F008A9500 /* STTest1.app */;
			productType = "com.apple.product-type.application";
		};
		311626B31E49608F008A9500 /* STTest1Tests */ = {
			isa = PBXNativeTarget;
			buildConfigurationList = 311626CB1E49608F008A9500 /* Build configuration list for PBXNativeTarget "STTest1Tests" */;
			buildPhases = (
				311626B01E49608F008A9500 /* Sources */,
				311626B11E49608F008A9500 /* Frameworks */,
				311626B21E49608F008A9500 /* Resources */,
			);
			buildRules = (
			);
			dependencies = (
				311626B61E49608F008A9500 /* PBXTargetDependency */,
			);
			name = STTest1Tests;
			productName = STTest1Tests;
			productReference = 311626B41E49608F008A9500 /* STTest1Tests.xctest */;
			productType = "com.apple.product-type.bundle.unit-test";
		};
		311626BE1E49608F008A9500 /* STTest1UITests */ = {
			isa = PBXNativeTarget;
			buildConfigurationList = 311626CE1E49608F008A9500 /* Build configuration list for PBXNativeTarget "STTest1UITests" */;
			buildPhases = (
				311626BB1E49608F008A9500 /* Sources */,
				311626BC1E49608F008A9500 /* Frameworks */,
				311626BD1E49608F008A9500 /* Resources */,
			);
			buildRules = (
			);
			dependencies = (
				311626C11E49608F008A9500 /* PBXTargetDependency */,
			);
			name = STTest1UITests;
			productName = STTest1UITests;
			productReference = 311626BF1E49608F008A9500 /* STTest1UITests.xctest */;
			productType = "com.apple.product-type.bundle.ui-testing";
		};
		3190C0791E7A962F005CF83E /* ReplayRTSPBro */ = {
			isa = PBXNativeTarget;
			buildConfigurationList = 3190C09D1E7A9630005CF83E /* Build configuration list for PBXNativeTarget "ReplayRTSPBro" */;
			buildPhases = (
				3190C0761E7A962F005CF83E /* Sources */,
				3190C0771E7A962F005CF83E /* Frameworks */,
				3190C0781E7A962F005CF83E /* Resources */,
			);
			buildRules = (
			);
			dependencies = (
			);
			name = ReplayRTSPBro;
			productName = ReplayRTSPBro;
			productReference = 3190C07A1E7A962F005CF83E /* ReplayRTSPBro.appex */;
			productType = "com.apple.product-type.app-extension";
		};
		3190C0871E7A962F005CF83E /* ReplayRTSPBroUI */ = {
			isa = PBXNativeTarget;
			buildConfigurationList = 3190C09A1E7A9630005CF83E /* Build configuration list for PBXNativeTarget "ReplayRTSPBroUI" */;
			buildPhases = (
				3190C0841E7A962F005CF83E /* Sources */,
				3190C0851E7A962F005CF83E /* Frameworks */,
				3190C0861E7A962F005CF83E /* Resources */,
			);
			buildRules = (
			);
			dependencies = (
			);
			name = ReplayRTSPBroUI;
			productName = ReplayRTSPBroUI;
			productReference = 3190C0881E7A962F005CF83E /* ReplayRTSPBroUI.appex */;
			productType = "com.apple.product-type.app-extension";
		};
/* End PBXNativeTarget section */

/* Begin PBXProject section */
		311626901E49608F008A9500 /* Project object */ = {
			isa = PBXProject;
			attributes = {
				LastUpgradeCheck = 0820;
				ORGANIZATIONNAME = "孙涛";
				TargetAttributes = {
					311626971E49608F008A9500 = {
						CreatedOnToolsVersion = 8.2.1;
						DevelopmentTeam = 6LL2FJJ5YZ;
						LastSwiftMigration = 0820;
						ProvisioningStyle = Automatic;
					};
					311626B31E49608F008A9500 = {
						CreatedOnToolsVersion = 8.2.1;
						ProvisioningStyle = Automatic;
						TestTargetID = 311626971E49608F008A9500;
					};
					311626BE1E49608F008A9500 = {
						CreatedOnToolsVersion = 8.2.1;
						ProvisioningStyle = Automatic;
						TestTargetID = 311626971E49608F008A9500;
					};
					3190C0791E7A962F005CF83E = {
						CreatedOnToolsVersion = 8.2.1;
						DevelopmentTeam = 6LL2FJJ5YZ;
						ProvisioningStyle = Automatic;
					};
					3190C0871E7A962F005CF83E = {
						CreatedOnToolsVersion = 8.2.1;
						DevelopmentTeam = 6LL2FJJ5YZ;
						ProvisioningStyle = Automatic;
					};
				};
			};
			buildConfigurationList = 311626931E49608F008A9500 /* Build configuration list for PBXProject "STTest1" */;
			compatibilityVersion = "Xcode 3.2";
			developmentRegion = English;
			hasScannedForEncodings = 0;
			knownRegions = (
				en,
				Base,
			);
			mainGroup = 3116268F1E49608F008A9500;
			productRefGroup = 311626991E49608F008A9500 /* Products */;
			projectDirPath = "";
			projectRoot = "";
			targets = (
				311626971E49608F008A9500 /* STTest1 */,
				311626B31E49608F008A9500 /* STTest1Tests */,
				311626BE1E49608F008A9500 /* STTest1UITests */,
				3190C0791E7A962F005CF83E /* ReplayRTSPBro */,
				3190C0871E7A962F005CF83E /* ReplayRTSPBroUI */,
			);
		};
/* End PBXProject section */

/* Begin PBXResourcesBuildPhase section */
		311626961E49608F008A9500 /* Resources */ = {
			isa = PBXResourcesBuildPhase;
			buildActionMask = 2147483647;
			files = (
				3117FFA01E4B017800C8304B /* icon_22x29.png in Resources */,
				311626AE1E49608F008A9500 /* LaunchScreen.storyboard in Resources */,
				311626AB1E49608F008A9500 /* Assets.xcassets in Resources */,
				318549EE1EA9980C00DFE7BC /* MSImagePickerController.bundle in Resources */,
				3117FFA31E4B017800C8304B /* icon_320x320.png in Resources */,
				3117FFA21E4B017800C8304B /* icon_64x64.png in Resources */,
				3117FFA11E4B017800C8304B /* icon_44x58.png in Resources */,
				311626A91E49608F008A9500 /* Main.storyboard in Resources */,
			);
			runOnlyForDeploymentPostprocessing = 0;
		};
		311626B21E49608F008A9500 /* Resources */ = {
			isa = PBXResourcesBuildPhase;
			buildActionMask = 2147483647;
			files = (
			);
			runOnlyForDeploymentPostprocessing = 0;
		};
		311626BD1E49608F008A9500 /* Resources */ = {
			isa = PBXResourcesBuildPhase;
			buildActionMask = 2147483647;
			files = (
			);
			runOnlyForDeploymentPostprocessing = 0;
		};
		3190C0781E7A962F005CF83E /* Resources */ = {
			isa = PBXResourcesBuildPhase;
			buildActionMask = 2147483647;
			files = (
			);
			runOnlyForDeploymentPostprocessing = 0;
		};
		3190C0861E7A962F005CF83E /* Resources */ = {
			isa = PBXResourcesBuildPhase;
			buildActionMask = 2147483647;
			files = (
				3190C0921E7A9630005CF83E /* MainInterface.storyboard in Resources */,
			);
			runOnlyForDeploymentPostprocessing = 0;
		};
/* End PBXResourcesBuildPhase section */

/* Begin PBXShellScriptBuildPhase section */
		148484285BBE8513CD9F04C7 /* [CP] Check Pods Manifest.lock */ = {
			isa = PBXShellScriptBuildPhase;
			buildActionMask = 2147483647;
			files = (
			);
			inputPaths = (
			);
			name = "[CP] Check Pods Manifest.lock";
			outputPaths = (
			);
			runOnlyForDeploymentPostprocessing = 0;
			shellPath = /bin/sh;
			shellScript = "diff \"${PODS_ROOT}/../Podfile.lock\" \"${PODS_ROOT}/Manifest.lock\" > /dev/null\nif [ $? != 0 ] ; then\n    # print error to STDERR\n    echo \"error: The sandbox is not in sync with the Podfile.lock. Run 'pod install' or update your CocoaPods installation.\" >&2\n    exit 1\nfi\n";
			showEnvVarsInLog = 0;
		};
		8119B20E5FA666E3BA720DE7 /* [CP] Embed Pods Frameworks */ = {
			isa = PBXShellScriptBuildPhase;
			buildActionMask = 2147483647;
			files = (
			);
			inputPaths = (
			);
			name = "[CP] Embed Pods Frameworks";
			outputPaths = (
			);
			runOnlyForDeploymentPostprocessing = 0;
			shellPath = /bin/sh;
			shellScript = "\"${SRCROOT}/Pods/Target Support Files/Pods-STTest1/Pods-STTest1-frameworks.sh\"\n";
			showEnvVarsInLog = 0;
		};
		D8E6AA4390AD40EE4CC3B17F /* [CP] Copy Pods Resources */ = {
			isa = PBXShellScriptBuildPhase;
			buildActionMask = 2147483647;
			files = (
			);
			inputPaths = (
			);
			name = "[CP] Copy Pods Resources";
			outputPaths = (
			);
			runOnlyForDeploymentPostprocessing = 0;
			shellPath = /bin/sh;
			shellScript = "\"${SRCROOT}/Pods/Target Support Files/Pods-STTest1/Pods-STTest1-resources.sh\"\n";
			showEnvVarsInLog = 0;
		};
/* End PBXShellScriptBuildPhase section */

/* Begin PBXSourcesBuildPhase section */
		311626941E49608F008A9500 /* Sources */ = {
			isa = PBXSourcesBuildPhase;
			buildActionMask = 2147483647;
			files = (
				311626A61E49608F008A9500 /* SecondViewController.m in Sources */,
				311626A01E49608F008A9500 /* AppDelegate.m in Sources */,
				311A85CC1E4C049E009B4471 /* ThirdViewController.m in Sources */,
				311626A31E49608F008A9500 /* FirstViewController.m in Sources */,
				3116269D1E49608F008A9500 /* main.m in Sources */,
				317789A91ECAD9E300F5D9CA /* FourthViewController.m in Sources */,
				318549EC1EA9980300DFE7BC /* MSImagePickerController.m in Sources */,
			);
			runOnlyForDeploymentPostprocessing = 0;
		};
		311626B01E49608F008A9500 /* Sources */ = {
			isa = PBXSourcesBuildPhase;
			buildActionMask = 2147483647;
			files = (
				311626B91E49608F008A9500 /* STTest1Tests.m in Sources */,
			);
			runOnlyForDeploymentPostprocessing = 0;
		};
		311626BB1E49608F008A9500 /* Sources */ = {
			isa = PBXSourcesBuildPhase;
			buildActionMask = 2147483647;
			files = (
				311626C41E49608F008A9500 /* STTest1UITests.m in Sources */,
			);
			runOnlyForDeploymentPostprocessing = 0;
		};
		3190C0761E7A962F005CF83E /* Sources */ = {
			isa = PBXSourcesBuildPhase;
			buildActionMask = 2147483647;
			files = (
				3190C0821E7A962F005CF83E /* SampleHandler.m in Sources */,
				3190C0FB1E7A9A50005CF83E /* CameraServer.m in Sources */,
				3190C0F91E7A9A50005CF83E /* NALUnit.cpp in Sources */,
				3190C07F1E7A962F005CF83E /* MovieClipHandler.m in Sources */,
				3190C0FD1E7A9A50005CF83E /* RTSPMessage.m in Sources */,
				3190C0FE1E7A9A50005CF83E /* RTSPServer.m in Sources */,
				3190C0F81E7A9A50005CF83E /* MP4Atom.m in Sources */,
				3190C0FA1E7A9A50005CF83E /* VideoEncoder.m in Sources */,
				3190C0F71E7A9A50005CF83E /* AVEncoder.mm in Sources */,
				3190C0FC1E7A9A50005CF83E /* RTSPClientConnection.mm in Sources */,
			);
			runOnlyForDeploymentPostprocessing = 0;
		};
		3190C0841E7A962F005CF83E /* Sources */ = {
			isa = PBXSourcesBuildPhase;
			buildActionMask = 2147483647;
			files = (
				3190C08F1E7A9630005CF83E /* BroadcastViewController.m in Sources */,
			);
			runOnlyForDeploymentPostprocessing = 0;
		};
/* End PBXSourcesBuildPhase section */

/* Begin PBXTargetDependency section */
		311626B61E49608F008A9500 /* PBXTargetDependency */ = {
			isa = PBXTargetDependency;
			target = 311626971E49608F008A9500 /* STTest1 */;
			targetProxy = 311626B51E49608F008A9500 /* PBXContainerItemProxy */;
		};
		311626C11E49608F008A9500 /* PBXTargetDependency */ = {
			isa = PBXTargetDependency;
			target = 311626971E49608F008A9500 /* STTest1 */;
			targetProxy = 311626C01E49608F008A9500 /* PBXContainerItemProxy */;
		};
		3190C0951E7A9630005CF83E /* PBXTargetDependency */ = {
			isa = PBXTargetDependency;
			target = 3190C0871E7A962F005CF83E /* ReplayRTSPBroUI */;
			targetProxy = 3190C0941E7A9630005CF83E /* PBXContainerItemProxy */;
		};
		3190C0981E7A9630005CF83E /* PBXTargetDependency */ = {
			isa = PBXTargetDependency;
			target = 3190C0791E7A962F005CF83E /* ReplayRTSPBro */;
			targetProxy = 3190C0971E7A9630005CF83E /* PBXContainerItemProxy */;
		};
/* End PBXTargetDependency section */

/* Begin PBXVariantGroup section */
		311626A71E49608F008A9500 /* Main.storyboard */ = {
			isa = PBXVariantGroup;
			children = (
				311626A81E49608F008A9500 /* Base */,
			);
			name = Main.storyboard;
			sourceTree = "<group>";
		};
		311626AC1E49608F008A9500 /* LaunchScreen.storyboard */ = {
			isa = PBXVariantGroup;
			children = (
				311626AD1E49608F008A9500 /* Base */,
			);
			name = LaunchScreen.storyboard;
			sourceTree = "<group>";
		};
		3190C0901E7A9630005CF83E /* MainInterface.storyboard */ = {
			isa = PBXVariantGroup;
			children = (
				3190C0911E7A9630005CF83E /* Base */,
			);
			name = MainInterface.storyboard;
			sourceTree = "<group>";
		};
/* End PBXVariantGroup section */

/* Begin XCBuildConfiguration section */
		311626C61E49608F008A9500 /* Debug */ = {
			isa = XCBuildConfiguration;
			buildSettings = {
				ALWAYS_SEARCH_USER_PATHS = NO;
				CLANG_ANALYZER_NONNULL = YES;
				CLANG_CXX_LANGUAGE_STANDARD = "gnu++0x";
				CLANG_CXX_LIBRARY = "libc++";
				CLANG_ENABLE_MODULES = YES;
				CLANG_ENABLE_OBJC_ARC = YES;
				CLANG_WARN_BOOL_CONVERSION = YES;
				CLANG_WARN_CONSTANT_CONVERSION = YES;
				CLANG_WARN_DIRECT_OBJC_ISA_USAGE = YES_ERROR;
				CLANG_WARN_DOCUMENTATION_COMMENTS = YES;
				CLANG_WARN_EMPTY_BODY = YES;
				CLANG_WARN_ENUM_CONVERSION = YES;
				CLANG_WARN_INFINITE_RECURSION = YES;
				CLANG_WARN_INT_CONVERSION = YES;
				CLANG_WARN_OBJC_ROOT_CLASS = YES_ERROR;
				CLANG_WARN_SUSPICIOUS_MOVE = YES;
				CLANG_WARN_UNREACHABLE_CODE = YES;
				CLANG_WARN__DUPLICATE_METHOD_MATCH = YES;
				"CODE_SIGN_IDENTITY[sdk=iphoneos*]" = "iPhone Developer";
				COPY_PHASE_STRIP = NO;
				DEBUG_INFORMATION_FORMAT = dwarf;
				ENABLE_STRICT_OBJC_MSGSEND = YES;
				ENABLE_TESTABILITY = YES;
				GCC_C_LANGUAGE_STANDARD = gnu99;
				GCC_DYNAMIC_NO_PIC = NO;
				GCC_NO_COMMON_BLOCKS = YES;
				GCC_OPTIMIZATION_LEVEL = 0;
				GCC_PREPROCESSOR_DEFINITIONS = (
					"DEBUG=1",
					"$(inherited)",
				);
				GCC_WARN_64_TO_32_BIT_CONVERSION = YES;
				GCC_WARN_ABOUT_RETURN_TYPE = YES_ERROR;
				GCC_WARN_UNDECLARED_SELECTOR = YES;
				GCC_WARN_UNINITIALIZED_AUTOS = YES_AGGRESSIVE;
				GCC_WARN_UNUSED_FUNCTION = YES;
				GCC_WARN_UNUSED_VARIABLE = YES;
				IPHONEOS_DEPLOYMENT_TARGET = 10.0;
				MTL_ENABLE_DEBUG_INFO = YES;
				ONLY_ACTIVE_ARCH = YES;
				SDKROOT = iphoneos;
				TARGETED_DEVICE_FAMILY = "1,2";
			};
			name = Debug;
		};
		311626C71E49608F008A9500 /* Release */ = {
			isa = XCBuildConfiguration;
			buildSettings = {
				ALWAYS_SEARCH_USER_PATHS = NO;
				CLANG_ANALYZER_NONNULL = YES;
				CLANG_CXX_LANGUAGE_STANDARD = "gnu++0x";
				CLANG_CXX_LIBRARY = "libc++";
				CLANG_ENABLE_MODULES = YES;
				CLANG_ENABLE_OBJC_ARC = YES;
				CLANG_WARN_BOOL_CONVERSION = YES;
				CLANG_WARN_CONSTANT_CONVERSION = YES;
				CLANG_WARN_DIRECT_OBJC_ISA_USAGE = YES_ERROR;
				CLANG_WARN_DOCUMENTATION_COMMENTS = YES;
				CLANG_WARN_EMPTY_BODY = YES;
				CLANG_WARN_ENUM_CONVERSION = YES;
				CLANG_WARN_INFINITE_RECURSION = YES;
				CLANG_WARN_INT_CONVERSION = YES;
				CLANG_WARN_OBJC_ROOT_CLASS = YES_ERROR;
				CLANG_WARN_SUSPICIOUS_MOVE = YES;
				CLANG_WARN_UNREACHABLE_CODE = YES;
				CLANG_WARN__DUPLICATE_METHOD_MATCH = YES;
				"CODE_SIGN_IDENTITY[sdk=iphoneos*]" = "iPhone Developer";
				COPY_PHASE_STRIP = NO;
				DEBUG_INFORMATION_FORMAT = "dwarf-with-dsym";
				ENABLE_NS_ASSERTIONS = NO;
				ENABLE_STRICT_OBJC_MSGSEND = YES;
				GCC_C_LANGUAGE_STANDARD = gnu99;
				GCC_NO_COMMON_BLOCKS = YES;
				GCC_WARN_64_TO_32_BIT_CONVERSION = YES;
				GCC_WARN_ABOUT_RETURN_TYPE = YES_ERROR;
				GCC_WARN_UNDECLARED_SELECTOR = YES;
				GCC_WARN_UNINITIALIZED_AUTOS = YES_AGGRESSIVE;
				GCC_WARN_UNUSED_FUNCTION = YES;
				GCC_WARN_UNUSED_VARIABLE = YES;
				IPHONEOS_DEPLOYMENT_TARGET = 10.0;
				MTL_ENABLE_DEBUG_INFO = NO;
				SDKROOT = iphoneos;
				TARGETED_DEVICE_FAMILY = "1,2";
				VALIDATE_PRODUCT = YES;
			};
			name = Release;
		};
		311626C91E49608F008A9500 /* Debug */ = {
			isa = XCBuildConfiguration;
			baseConfigurationReference = EF2E383DF27DEDC655094302 /* Pods-STTest1.debug.xcconfig */;
			buildSettings = {
				ASSETCATALOG_COMPILER_APPICON_NAME = "AppIcon-1";
				ASSETCATALOG_COMPILER_LAUNCHIMAGE_NAME = LaunchImage;
				DEVELOPMENT_TEAM = 6LL2FJJ5YZ;
				ENABLE_BITCODE = NO;
				FRAMEWORK_SEARCH_PATHS = (
					"$(inherited)",
					"$(PROJECT_DIR)/STTest1/Thirdlib",
				);
				GCC_INCREASE_PRECOMPILED_HEADER_SHARING = YES;
				GCC_PRECOMPILE_PREFIX_HEADER = YES;
				GCC_PREFIX_HEADER = PrefixHeader.pch;
				HEADER_SEARCH_PATHS = (
					"$(PROJECT_DIR)/STTest1/AirPlay/include",
					"$(PROJECT_DIR)/STTest1/headers",
				);
				INFOPLIST_FILE = STTest1/Info.plist;
				IPHONEOS_DEPLOYMENT_TARGET = 8.0;
				LD_RUNPATH_SEARCH_PATHS = "$(inherited) @executable_path/Frameworks";
				LIBRARY_SEARCH_PATHS = (
					"$(inherited)",
					"$(PROJECT_DIR)/STTest1/AirPlay/lib",
				);
				ONLY_ACTIVE_ARCH = NO;
				OTHER_LDFLAGS = "";
				PRODUCT_BUNDLE_IDENTIFIER = com.iflytek.STTest1;
				PRODUCT_NAME = "$(TARGET_NAME)";
				SWIFT_VERSION = 3.0;
				VALID_ARCHS = "armv7 armv7s";
			};
			name = Debug;
		};
		311626CA1E49608F008A9500 /* Release */ = {
			isa = XCBuildConfiguration;
			baseConfigurationReference = 9AF00B8870626C8AB644F987 /* Pods-STTest1.release.xcconfig */;
			buildSettings = {
				ASSETCATALOG_COMPILER_APPICON_NAME = "AppIcon-1";
				ASSETCATALOG_COMPILER_LAUNCHIMAGE_NAME = LaunchImage;
				DEVELOPMENT_TEAM = 6LL2FJJ5YZ;
				ENABLE_BITCODE = NO;
				FRAMEWORK_SEARCH_PATHS = (
					"$(inherited)",
					"$(PROJECT_DIR)/STTest1/Thirdlib",
				);
				GCC_INCREASE_PRECOMPILED_HEADER_SHARING = YES;
				GCC_PRECOMPILE_PREFIX_HEADER = YES;
				GCC_PREFIX_HEADER = PrefixHeader.pch;
				HEADER_SEARCH_PATHS = (
					"$(PROJECT_DIR)/STTest1/AirPlay/include",
					"$(PROJECT_DIR)/STTest1/headers",
				);
				INFOPLIST_FILE = STTest1/Info.plist;
				IPHONEOS_DEPLOYMENT_TARGET = 8.0;
				LD_RUNPATH_SEARCH_PATHS = "$(inherited) @executable_path/Frameworks";
				LIBRARY_SEARCH_PATHS = (
					"$(inherited)",
					"$(PROJECT_DIR)/STTest1/AirPlay/lib",
				);
				ONLY_ACTIVE_ARCH = NO;
				OTHER_LDFLAGS = "";
				PRODUCT_BUNDLE_IDENTIFIER = com.iflytek.STTest1;
				PRODUCT_NAME = "$(TARGET_NAME)";
				SWIFT_VERSION = 3.0;
				VALID_ARCHS = "armv7 armv7s";
			};
			name = Release;
		};
		311626CC1E49608F008A9500 /* Debug */ = {
			isa = XCBuildConfiguration;
			buildSettings = {
				BUNDLE_LOADER = "$(TEST_HOST)";
				INFOPLIST_FILE = STTest1Tests/Info.plist;
				LD_RUNPATH_SEARCH_PATHS = "$(inherited) @executable_path/Frameworks @loader_path/Frameworks";
				PRODUCT_BUNDLE_IDENTIFIER = com.iflytek.STTest1Tests;
				PRODUCT_NAME = "$(TARGET_NAME)";
				TEST_HOST = "$(BUILT_PRODUCTS_DIR)/STTest1.app/STTest1";
			};
			name = Debug;
		};
		311626CD1E49608F008A9500 /* Release */ = {
			isa = XCBuildConfiguration;
			buildSettings = {
				BUNDLE_LOADER = "$(TEST_HOST)";
				INFOPLIST_FILE = STTest1Tests/Info.plist;
				LD_RUNPATH_SEARCH_PATHS = "$(inherited) @executable_path/Frameworks @loader_path/Frameworks";
				PRODUCT_BUNDLE_IDENTIFIER = com.iflytek.STTest1Tests;
				PRODUCT_NAME = "$(TARGET_NAME)";
				TEST_HOST = "$(BUILT_PRODUCTS_DIR)/STTest1.app/STTest1";
			};
			name = Release;
		};
		311626CF1E49608F008A9500 /* Debug */ = {
			isa = XCBuildConfiguration;
			buildSettings = {
				INFOPLIST_FILE = STTest1UITests/Info.plist;
				LD_RUNPATH_SEARCH_PATHS = "$(inherited) @executable_path/Frameworks @loader_path/Frameworks";
				PRODUCT_BUNDLE_IDENTIFIER = com.iflytek.STTest1UITests;
				PRODUCT_NAME = "$(TARGET_NAME)";
				TEST_TARGET_NAME = STTest1;
			};
			name = Debug;
		};
		311626D01E49608F008A9500 /* Release */ = {
			isa = XCBuildConfiguration;
			buildSettings = {
				INFOPLIST_FILE = STTest1UITests/Info.plist;
				LD_RUNPATH_SEARCH_PATHS = "$(inherited) @executable_path/Frameworks @loader_path/Frameworks";
				PRODUCT_BUNDLE_IDENTIFIER = com.iflytek.STTest1UITests;
				PRODUCT_NAME = "$(TARGET_NAME)";
				TEST_TARGET_NAME = STTest1;
			};
			name = Release;
		};
		3190C09B1E7A9630005CF83E /* Debug */ = {
			isa = XCBuildConfiguration;
			buildSettings = {
				DEVELOPMENT_TEAM = 6LL2FJJ5YZ;
				INFOPLIST_FILE = ReplayRTSPBroUI/Info.plist;
				IPHONEOS_DEPLOYMENT_TARGET = 10.0;
				LD_RUNPATH_SEARCH_PATHS = "$(inherited) @executable_path/Frameworks @executable_path/../../Frameworks";
				PRODUCT_BUNDLE_IDENTIFIER = com.iflytek.STTest1.ReplayRTSPBroUI;
				PRODUCT_NAME = "$(TARGET_NAME)";
				SKIP_INSTALL = YES;
			};
			name = Debug;
		};
		3190C09C1E7A9630005CF83E /* Release */ = {
			isa = XCBuildConfiguration;
			buildSettings = {
				DEVELOPMENT_TEAM = 6LL2FJJ5YZ;
				INFOPLIST_FILE = ReplayRTSPBroUI/Info.plist;
				IPHONEOS_DEPLOYMENT_TARGET = 10.0;
				LD_RUNPATH_SEARCH_PATHS = "$(inherited) @executable_path/Frameworks @executable_path/../../Frameworks";
				PRODUCT_BUNDLE_IDENTIFIER = com.iflytek.STTest1.ReplayRTSPBroUI;
				PRODUCT_NAME = "$(TARGET_NAME)";
				SKIP_INSTALL = YES;
			};
			name = Release;
		};
		3190C09E1E7A9630005CF83E /* Debug */ = {
			isa = XCBuildConfiguration;
			buildSettings = {
				CODE_SIGN_IDENTITY = "iPhone Developer";
				DEVELOPMENT_TEAM = 6LL2FJJ5YZ;
				INFOPLIST_FILE = ReplayRTSPBro/Info.plist;
				IPHONEOS_DEPLOYMENT_TARGET = 10.0;
				LD_RUNPATH_SEARCH_PATHS = "$(inherited) @executable_path/Frameworks @executable_path/../../Frameworks";
				PRODUCT_BUNDLE_IDENTIFIER = com.iflytek.STTest1.ReplayRSTPBro;
				PRODUCT_NAME = "$(TARGET_NAME)";
				SKIP_INSTALL = YES;
			};
			name = Debug;
		};
		3190C09F1E7A9630005CF83E /* Release */ = {
			isa = XCBuildConfiguration;
			buildSettings = {
				CODE_SIGN_IDENTITY = "iPhone Developer";
				DEVELOPMENT_TEAM = 6LL2FJJ5YZ;
				INFOPLIST_FILE = ReplayRTSPBro/Info.plist;
				IPHONEOS_DEPLOYMENT_TARGET = 10.0;
				LD_RUNPATH_SEARCH_PATHS = "$(inherited) @executable_path/Frameworks @executable_path/../../Frameworks";
				PRODUCT_BUNDLE_IDENTIFIER = com.iflytek.STTest1.ReplayRSTPBro;
				PRODUCT_NAME = "$(TARGET_NAME)";
				SKIP_INSTALL = YES;
			};
			name = Release;
		};
/* End XCBuildConfiguration section */

/* Begin XCConfigurationList section */
		311626931E49608F008A9500 /* Build configuration list for PBXProject "STTest1" */ = {
			isa = XCConfigurationList;
			buildConfigurations = (
				311626C61E49608F008A9500 /* Debug */,
				311626C71E49608F008A9500 /* Release */,
			);
			defaultConfigurationIsVisible = 0;
			defaultConfigurationName = Release;
		};
		311626C81E49608F008A9500 /* Build configuration list for PBXNativeTarget "STTest1" */ = {
			isa = XCConfigurationList;
			buildConfigurations = (
				311626C91E49608F008A9500 /* Debug */,
				311626CA1E49608F008A9500 /* Release */,
			);
			defaultConfigurationIsVisible = 0;
			defaultConfigurationName = Release;
		};
		311626CB1E49608F008A9500 /* Build configuration list for PBXNativeTarget "STTest1Tests" */ = {
			isa = XCConfigurationList;
			buildConfigurations = (
				311626CC1E49608F008A9500 /* Debug */,
				311626CD1E49608F008A9500 /* Release */,
			);
			defaultConfigurationIsVisible = 0;
			defaultConfigurationName = Release;
		};
		311626CE1E49608F008A9500 /* Build configuration list for PBXNativeTarget "STTest1UITests" */ = {
			isa = XCConfigurationList;
			buildConfigurations = (
				311626CF1E49608F008A9500 /* Debug */,
				311626D01E49608F008A9500 /* Release */,
			);
			defaultConfigurationIsVisible = 0;
			defaultConfigurationName = Release;
		};
		3190C09A1E7A9630005CF83E /* Build configuration list for PBXNativeTarget "ReplayRTSPBroUI" */ = {
			isa = XCConfigurationList;
			buildConfigurations = (
				3190C09B1E7A9630005CF83E /* Debug */,
				3190C09C1E7A9630005CF83E /* Release */,
			);
			defaultConfigurationIsVisible = 0;
			defaultConfigurationName = Release;
		};
		3190C09D1E7A9630005CF83E /* Build configuration list for PBXNativeTarget "ReplayRTSPBro" */ = {
			isa = XCConfigurationList;
			buildConfigurations = (
				3190C09E1E7A9630005CF83E /* Debug */,
				3190C09F1E7A9630005CF83E /* Release */,
			);
			defaultConfigurationIsVisible = 0;
			defaultConfigurationName = Release;
		};
/* End XCConfigurationList section */
	};
	rootObject = 311626901E49608F008A9500 /* Project object */;
}
